{
  "nodes": {
    "cl-sdl3": {
      "flake": false,
      "locked": {
        "lastModified": 1776397102,
        "narHash": "sha256-hhTzmQuEWhSQL9oFKiO8ICgGNOpymfCwO9SJ0jDDBY8=",
        "ref": "refs/heads/main",
        "rev": "47c90b54715aba23752b70d382a3eb310172cd34",
        "revCount": 78,
        "type": "git",
        "url": "https://github.com/aiffc/cl-sdl3.git"
      },
      "original": {
        "rev": "47c90b54715aba23752b70d382a3eb310172cd34",
        "type": "git",
        "url": "https://github.com/aiffc/cl-sdl3.git"
      }
    },
    "mcclim": {
      "flake": false,
      "locked": {
        "lastModified": 1784985853,
        "narHash": "sha256-WjNzmCo3uofTAD8I56HILeXFrA4ZukwC6Qq+RVA+Hag=",
        "ref": "master",
        "rev": "92b8f12b880cd752bdf817fe1a36258a03d96aff",
        "revCount": 8808,
        "type": "git",
        "url": "https://codeberg.org/McCLIM/McCLIM.git"
      },
      "original": {
        "ref": "master",
        "type": "git",
        "url": "https://codeberg.org/McCLIM/McCLIM.git"
      }
    },
    "nixpkgs": {
      "locked": {
        "lastModified": 1786247143,
        "narHash": "sha256-8S3Kcxs7D4UtxJxSJZz0m14CGhuW0MxfrIwJxeGWGnQ=",
        "owner": "NixOS",
        "repo": "nixpkgs",
        "rev": "279b4a8275f032c566576b3f181fa0f27197f588",
        "type": "github"
      },
      "original": {
        "owner": "NixOS",
        "ref": "nixos-unstable",
        "repo": "nixpkgs",
        "type": "github"
      }
    },
    "root": {
      "inputs": {
        "cl-sdl3": "cl-sdl3",
        "mcclim": "mcclim",
        "nixpkgs": "nixpkgs"
      }
    }
  },
  "root": "root",
  "version": 7
}
