{
  "nodes": {
    "mcclim": {
      "flake": false,
      "locked": {
        "lastModified": 1784985853,
        "narHash": "sha256-WjNzmCo3uofTAD8I56HILeXFrA4ZukwC6Qq+RVA+Hag=",
        "ref": "master",
        "rev": "92b8f12b880cd752bdf817fe1a36258a03d96aff",
        "revCount": 8808,
        "type": "git",
        "url": "https://codeberg.org/McCLIM/McCLIM.git"
      },
      "original": {
        "ref": "master",
        "type": "git",
        "url": "https://codeberg.org/McCLIM/McCLIM.git"
      }
    },
    "nixpkgs": {
      "locked": {
        "lastModified": 1785967620,
        "narHash": "sha256-IItrdb7Puk05RqOBWZYFC5X6Wl1sJmCfh5MWVHw5iMM=",
        "owner": "NixOS",
        "repo": "nixpkgs",
        "rev": "b7c2ada94fe99c15b0dbcf4d11fd7850b957a436",
        "type": "github"
      },
      "original": {
        "owner": "NixOS",
        "ref": "nixos-unstable",
        "repo": "nixpkgs",
        "type": "github"
      }
    },
    "root": {
      "inputs": {
        "mcclim": "mcclim",
        "nixpkgs": "nixpkgs"
      }
    }
  },
  "root": "root",
  "version": 7
}
